
Microsoft Visual Studio Solution File, Format Version 12.00
# Visual Studio for Mac
Project("{FAE04EC0-301F-11D3-BF4B-00C04F79EFBC}") = "Assembly-CSharp", "Assembly-CSharp.csproj", "{458E2981-69CA-C869-3A70-A1BAC501FD43}"
EndProject
Project("{FAE04EC0-301F-11D3-BF4B-00C04F79EFBC}") = "Assembly-CSharp-Editor", "Assembly-CSharp-Editor.csproj", "{36F95521-2244-2AFA-1B61-CCB2867C3B71}"
EndProject
Global
	GlobalSection(SolutionConfigurationPlatforms) = preSolution
		Debug|Any CPU = Debug|Any CPU
		Release|Any CPU = Release|Any CPU
	EndGlobalSection
	GlobalSection(ProjectConfigurationPlatforms) = postSolution
		{458E2981-69CA-C869-3A70-A1BAC501FD43}.Debug|Any CPU.ActiveCfg = Debug|Any CPU
		{458E2981-69CA-C869-3A70-A1BAC501FD43}.Debug|Any CPU.Build.0 = Debug|Any CPU
		{458E2981-69CA-C869-3A70-A1BAC501FD43}.Release|Any CPU.ActiveCfg = Release|Any CPU
		{458E2981-69CA-C869-3A70-A1BAC501FD43}.Release|Any CPU.Build.0 = Release|Any CPU
		{36F95521-2244-2AFA-1B61-CCB2867C3B71}.Debug|Any CPU.ActiveCfg = Debug|Any CPU
		{36F95521-2244-2AFA-1B61-CCB2867C3B71}.Debug|Any CPU.Build.0 = Debug|Any CPU
		{36F95521-2244-2AFA-1B61-CCB2867C3B71}.Release|Any CPU.ActiveCfg = Release|Any CPU
		{36F95521-2244-2AFA-1B61-CCB2867C3B71}.Release|Any CPU.Build.0 = Release|Any CPU
	EndGlobalSection
	GlobalSection(SolutionProperties) = preSolution
		HideSolutionNode = FALSE
	EndGlobalSection
EndGlobal
